
Microsoft Visual Studio Solution File, Format Version 12.00
# Visual Studio 2012
Project("{FAE04EC0-301F-11D3-BF4B-00C04F79EFBC}") = "MvcApp4", "MvcApp4\MvcApp4.csproj", "{EC17C13C-EA31-4D79-9941-331E9719D20C}"
EndProject
Global
	GlobalSection(SolutionConfigurationPlatforms) = preSolution
		Debug|Any CPU = Debug|Any CPU
		Release|Any CPU = Release|Any CPU
	EndGlobalSection
	GlobalSection(ProjectConfigurationPlatforms) = postSolution
		{EC17C13C-EA31-4D79-9941-331E9719D20C}.Debug|Any CPU.ActiveCfg = Debug|Any CPU
		{EC17C13C-EA31-4D79-9941-331E9719D20C}.Debug|Any CPU.Build.0 = Debug|Any CPU
		{EC17C13C-EA31-4D79-9941-331E9719D20C}.Release|Any CPU.ActiveCfg = Release|Any CPU
		{EC17C13C-EA31-4D79-9941-331E9719D20C}.Release|Any CPU.Build.0 = Release|Any CPU
	EndGlobalSection
	GlobalSection(SolutionProperties) = preSolution
		HideSolutionNode = FALSE
	EndGlobalSection
EndGlobal
